
Microsoft Visual Studio Solution File, Format Version 12.00
# Visual Studio Version 17
VisualStudioVersion = 17.14.36811.4
MinimumVisualStudioVersion = 10.0.40219.1
Project("{FAE04EC0-301F-11D3-BF4B-00C04F79EFBC}") = "AutoPartsApp", "AutoPartsApp\AutoPartsApp.csproj", "{317BDACE-D31C-46B8-963D-C0108949EDFA}"
EndProject
Global
	GlobalSection(SolutionConfigurationPlatforms) = preSolution
		Debug|Any CPU = Debug|Any CPU
		Release|Any CPU = Release|Any CPU
	EndGlobalSection
	GlobalSection(ProjectConfigurationPlatforms) = postSolution
		{317BDACE-D31C-46B8-963D-C0108949EDFA}.Debug|Any CPU.ActiveCfg = Debug|Any CPU
		{317BDACE-D31C-46B8-963D-C0108949EDFA}.Debug|Any CPU.Build.0 = Debug|Any CPU
		{317BDACE-D31C-46B8-963D-C0108949EDFA}.Release|Any CPU.ActiveCfg = Release|Any CPU
		{317BDACE-D31C-46B8-963D-C0108949EDFA}.Release|Any CPU.Build.0 = Release|Any CPU
	EndGlobalSection
	GlobalSection(SolutionProperties) = preSolution
		HideSolutionNode = FALSE
	EndGlobalSection
	GlobalSection(ExtensibilityGlobals) = postSolution
		SolutionGuid = {9BD2527D-A42E-4DE0-BB8A-439990F11B00}
	EndGlobalSection
EndGlobal
